
Microsoft Visual Studio Solution File, Format Version 12.00
# Visual Studio Version 17
VisualStudioVersion = 17.2.32630.192
MinimumVisualStudioVersion = 10.0.40219.1
Project("{FAE04EC0-301F-11D3-BF4B-00C04F79EFBC}") = "Jifiti.API", "Jifiti.API\Jifiti.API.csproj", "{55A772A4-0234-44AF-959B-E07FE4014D36}"
EndProject
Global
	GlobalSection(SolutionConfigurationPlatforms) = preSolution
		Debug|Any CPU = Debug|Any CPU
		Release|Any CPU = Release|Any CPU
	EndGlobalSection
	GlobalSection(ProjectConfigurationPlatforms) = postSolution
		{55A772A4-0234-44AF-959B-E07FE4014D36}.Debug|Any CPU.ActiveCfg = Debug|Any CPU
		{55A772A4-0234-44AF-959B-E07FE4014D36}.Debug|Any CPU.Build.0 = Debug|Any CPU
		{55A772A4-0234-44AF-959B-E07FE4014D36}.Release|Any CPU.ActiveCfg = Release|Any CPU
		{55A772A4-0234-44AF-959B-E07FE4014D36}.Release|Any CPU.Build.0 = Release|Any CPU
	EndGlobalSection
	GlobalSection(SolutionProperties) = preSolution
		HideSolutionNode = FALSE
	EndGlobalSection
	GlobalSection(ExtensibilityGlobals) = postSolution
		SolutionGuid = {D7D7964A-A403-4ED2-94A7-BEDF0A572C92}
	EndGlobalSection
EndGlobal
